
Microsoft Visual Studio Solution File, Format Version 12.00
# Visual Studio Version 16
VisualStudioVersion = 16.0.31702.278
MinimumVisualStudioVersion = 10.0.40219.1
Project("{FAE04EC0-301F-11D3-BF4B-00C04F79EFBC}") = "Bai_thuc_hanh_6", "Bai_thuc_hanh_6\Bai_thuc_hanh_6.csproj", "{1C0BC2C7-D0CC-4050-8101-A310676E1758}"
EndProject
Global
	GlobalSection(SolutionConfigurationPlatforms) = preSolution
		Debug|Any CPU = Debug|Any CPU
		Release|Any CPU = Release|Any CPU
	EndGlobalSection
	GlobalSection(ProjectConfigurationPlatforms) = postSolution
		{1C0BC2C7-D0CC-4050-8101-A310676E1758}.Debug|Any CPU.ActiveCfg = Debug|Any CPU
		{1C0BC2C7-D0CC-4050-8101-A310676E1758}.Debug|Any CPU.Build.0 = Debug|Any CPU
		{1C0BC2C7-D0CC-4050-8101-A310676E1758}.Release|Any CPU.ActiveCfg = Release|Any CPU
		{1C0BC2C7-D0CC-4050-8101-A310676E1758}.Release|Any CPU.Build.0 = Release|Any CPU
	EndGlobalSection
	GlobalSection(SolutionProperties) = preSolution
		HideSolutionNode = FALSE
	EndGlobalSection
	GlobalSection(ExtensibilityGlobals) = postSolution
		SolutionGuid = {773600C1-197B-4DB6-80CF-7CD6AE7FAD58}
	EndGlobalSection
EndGlobal
